# generated by rye
# use `rye lock` or `rye sync` to update this lockfile
#
# last locked with the following flags:
#   pre: false
#   features: []
#   all-features: false
#   with-sources: true
#   generate-hashes: false

--index-url https://pypi.org/simple/

-e file:.
annotated-types==0.7.0
    # via pydantic
anyio==4.6.2.post1
    # via taskiq
astor==0.8.1
    # via wemake-python-styleguide
async-timeout==4.0.3
    # via asyncpg
asyncpg==0.29.0
    # via asyncpg-stubs
    # via taskiq-asyncpg
asyncpg-stubs==0.29.1
attrs==24.2.0
    # via flake8-bugbear
    # via flake8-eradicate
    # via wemake-python-styleguide
autoflake==2.3.1
backports-tarfile==1.2.0
    # via jaraco-context
bandit==1.7.10
    # via flake8-bandit
black==24.10.0
certifi==2024.8.30
    # via requests
cfgv==3.4.0
    # via pre-commit
charset-normalizer==3.4.0
    # via requests
click==8.1.7
    # via black
coverage==7.6.3
    # via pytest-cov
darglint==1.8.1
    # via wemake-python-styleguide
distlib==0.3.9
    # via virtualenv
docutils==0.21.2
    # via readme-renderer
    # via restructuredtext-lint
eradicate==2.3.0
    # via flake8-eradicate
exceptiongroup==1.2.2
    # via anyio
    # via pytest
execnet==2.1.1
    # via pytest-xdist
filelock==3.16.1
    # via virtualenv
flake8==7.1.1
    # via flake8-bandit
    # via flake8-broken-line
    # via flake8-bugbear
    # via flake8-commas
    # via flake8-comprehensions
    # via flake8-debugger
    # via flake8-docstrings
    # via flake8-eradicate
    # via flake8-isort
    # via flake8-quotes
    # via flake8-rst-docstrings
    # via flake8-string-format
    # via pep8-naming
    # via wemake-python-styleguide
    # via yesqa
flake8-bandit==4.1.1
    # via wemake-python-styleguide
flake8-broken-line==1.0.0
    # via wemake-python-styleguide
flake8-bugbear==24.8.19
    # via wemake-python-styleguide
flake8-commas==2.1.0
    # via wemake-python-styleguide
flake8-comprehensions==3.15.0
    # via wemake-python-styleguide
flake8-debugger==4.1.2
    # via wemake-python-styleguide
flake8-docstrings==1.7.0
    # via wemake-python-styleguide
flake8-eradicate==1.5.0
    # via wemake-python-styleguide
flake8-isort==6.1.1
    # via wemake-python-styleguide
flake8-quotes==3.4.0
    # via wemake-python-styleguide
flake8-rst-docstrings==0.3.0
    # via wemake-python-styleguide
flake8-string-format==0.3.0
    # via wemake-python-styleguide
identify==2.6.1
    # via pre-commit
idna==3.10
    # via anyio
    # via requests
importlib-metadata==8.5.0
    # via keyring
    # via taskiq
    # via twine
iniconfig==2.0.0
    # via pytest
isort==5.13.2
    # via flake8-isort
jaraco-classes==3.4.0
    # via keyring
jaraco-context==6.0.1
    # via keyring
jaraco-functools==4.1.0
    # via keyring
keyring==25.4.1
    # via twine
markdown-it-py==3.0.0
    # via rich
mccabe==0.7.0
    # via flake8
mdurl==0.1.2
    # via markdown-it-py
more-itertools==10.5.0
    # via jaraco-classes
    # via jaraco-functools
mypy==1.12.0
mypy-extensions==1.0.0
    # via black
    # via mypy
nh3==0.2.18
    # via readme-renderer
nodeenv==1.9.1
    # via pre-commit
packaging==24.1
    # via black
    # via pytest
    # via taskiq
pathspec==0.12.1
    # via black
pbr==6.1.0
    # via stevedore
pep8-naming==0.13.3
    # via wemake-python-styleguide
pkginfo==1.10.0
    # via twine
platformdirs==4.3.6
    # via black
    # via virtualenv
pluggy==1.5.0
    # via pytest
pre-commit==4.0.1
pycodestyle==2.12.1
    # via flake8
    # via flake8-debugger
pycron==3.1.1
    # via taskiq
pydantic==2.9.2
    # via taskiq
pydantic-core==2.23.4
    # via pydantic
pydocstyle==6.3.0
    # via flake8-docstrings
pyflakes==3.2.0
    # via autoflake
    # via flake8
pygments==2.18.0
    # via flake8-rst-docstrings
    # via readme-renderer
    # via rich
    # via wemake-python-styleguide
pytest==8.3.3
    # via pytest-cov
    # via pytest-env
    # via pytest-xdist
pytest-cov==5.0.0
pytest-env==1.1.5
pytest-xdist==3.6.1
pytz==2024.2
    # via taskiq
pyyaml==6.0.2
    # via bandit
    # via pre-commit
readme-renderer==44.0
    # via twine
requests==2.32.3
    # via requests-toolbelt
    # via twine
requests-toolbelt==1.0.0
    # via twine
restructuredtext-lint==1.4.0
    # via flake8-rst-docstrings
rfc3986==2.0.0
    # via twine
rich==13.9.2
    # via bandit
    # via twine
ruff==0.6.9
setuptools==75.2.0
    # via flake8-quotes
    # via wemake-python-styleguide
sniffio==1.3.1
    # via anyio
snowballstemmer==2.2.0
    # via pydocstyle
stevedore==5.3.0
    # via bandit
taskiq==0.11.7
    # via taskiq-asyncpg
taskiq-dependencies==1.5.4
    # via taskiq
tokenize-rt==6.0.0
    # via yesqa
tomli==2.0.2
    # via autoflake
    # via black
    # via coverage
    # via mypy
    # via pytest
    # via pytest-env
twine==5.1.1
typing-extensions==4.12.2
    # via anyio
    # via asyncpg-stubs
    # via black
    # via mypy
    # via pydantic
    # via pydantic-core
    # via rich
    # via taskiq
    # via taskiq-dependencies
    # via wemake-python-styleguide
urllib3==2.2.3
    # via requests
    # via twine
virtualenv==20.26.6
    # via pre-commit
wemake-python-styleguide==0.19.2
yesqa==1.5.0
zipp==3.20.2
    # via importlib-metadata
